# This file is automatically @generated by Cargo.
# It is not intended for manual editing.
version = 3

[[package]]
name = "calculi"
version = "0.2.0"
source = "registry+https://github.com/rust-lang/crates.io-index"
checksum = "2644d657dc8af498f6d2cf9839a6681fe6ebaad816cbcfc1feb50d70909a4650"

[[package]]
name = "em-rust"
version = "0.1.0"
dependencies = [
 "calculi",
]
